
Microsoft Visual Studio Solution File, Format Version 12.00
# Visual Studio Version 16
VisualStudioVersion = 16.0.29102.190
MinimumVisualStudioVersion = 10.0.40219.1
Project("{FAE04EC0-301F-11D3-BF4B-00C04F79EFBC}") = "WIM Witch Tabbed", "WIM Witch Tabbed\WIM Witch Tabbed.csproj", "{505DF0A2-368F-4B3B-B3C9-DD299B5B0C13}"
EndProject
Global
	GlobalSection(SolutionConfigurationPlatforms) = preSolution
		Debug|Any CPU = Debug|Any CPU
		Release|Any CPU = Release|Any CPU
	EndGlobalSection
	GlobalSection(ProjectConfigurationPlatforms) = postSolution
		{505DF0A2-368F-4B3B-B3C9-DD299B5B0C13}.Debug|Any CPU.ActiveCfg = Debug|Any CPU
		{505DF0A2-368F-4B3B-B3C9-DD299B5B0C13}.Debug|Any CPU.Build.0 = Debug|Any CPU
		{505DF0A2-368F-4B3B-B3C9-DD299B5B0C13}.Release|Any CPU.ActiveCfg = Release|Any CPU
		{505DF0A2-368F-4B3B-B3C9-DD299B5B0C13}.Release|Any CPU.Build.0 = Release|Any CPU
	EndGlobalSection
	GlobalSection(SolutionProperties) = preSolution
		HideSolutionNode = FALSE
	EndGlobalSection
	GlobalSection(ExtensibilityGlobals) = postSolution
		SolutionGuid = {B230DB09-052B-483F-92DE-F92BA9132E0C}
	EndGlobalSection
EndGlobal
