
Microsoft Visual Studio Solution File, Format Version 12.00
# Visual Studio Version 16
VisualStudioVersion = 16.0.29102.190
MinimumVisualStudioVersion = 10.0.40219.1
Project("{FAE04EC0-301F-11D3-BF4B-00C04F79EFBC}") = "WimWitch", "WimWitch\WimWitch.csproj", "{CE8E36F7-5F68-46B0-BBD9-CAEEC89E9C95}"
EndProject
Global
	GlobalSection(SolutionConfigurationPlatforms) = preSolution
		Debug|Any CPU = Debug|Any CPU
		Release|Any CPU = Release|Any CPU
	EndGlobalSection
	GlobalSection(ProjectConfigurationPlatforms) = postSolution
		{CE8E36F7-5F68-46B0-BBD9-CAEEC89E9C95}.Debug|Any CPU.ActiveCfg = Debug|Any CPU
		{CE8E36F7-5F68-46B0-BBD9-CAEEC89E9C95}.Debug|Any CPU.Build.0 = Debug|Any CPU
		{CE8E36F7-5F68-46B0-BBD9-CAEEC89E9C95}.Release|Any CPU.ActiveCfg = Release|Any CPU
		{CE8E36F7-5F68-46B0-BBD9-CAEEC89E9C95}.Release|Any CPU.Build.0 = Release|Any CPU
	EndGlobalSection
	GlobalSection(SolutionProperties) = preSolution
		HideSolutionNode = FALSE
	EndGlobalSection
	GlobalSection(ExtensibilityGlobals) = postSolution
		SolutionGuid = {FA02D0AB-38FB-44BA-8BFD-28CE35CAE71A}
	EndGlobalSection
EndGlobal
